
Microsoft Visual Studio Solution File, Format Version 12.00
# Visual Studio Version 16
VisualStudioVersion = 16.0.28822.285
MinimumVisualStudioVersion = 10.0.40219.1
Project("{2150E333-8FDC-42A3-9474-1A3956D46DE8}") = "build", "build", "{88D7B0EF-04D5-4708-B914-693C0A6334AE}"
	ProjectSection(SolutionItems) = preProject
		..\azure-pipelines.yaml = ..\azure-pipelines.yaml
	EndProjectSection
EndProject
Project("{9A19103F-16F7-4668-BE54-9A1E7A4F7556}") = "WfmTeams.Adapter", "WfmTeams.Adapter\WfmTeams.Adapter.csproj", "{846F3D14-46A5-4C63-A771-5C353717DBF8}"
EndProject
Project("{9A19103F-16F7-4668-BE54-9A1E7A4F7556}") = "WfmTeams.Adapter.AzureKeyVault", "WfmTeams.Adapter.AzureKeyVault\WfmTeams.Adapter.AzureKeyVault.csproj", "{F231EFC2-5338-47F8-A902-8B5A48E04983}"
EndProject
Project("{9A19103F-16F7-4668-BE54-9A1E7A4F7556}") = "WfmTeams.Adapter.AzureRedis", "WfmTeams.Adapter.AzureRedis\WfmTeams.Adapter.AzureRedis.csproj", "{359E8173-692D-40DD-B44E-68DAA7FF69F6}"
EndProject
Project("{9A19103F-16F7-4668-BE54-9A1E7A4F7556}") = "WfmTeams.Adapter.AzureStorage", "WfmTeams.Adapter.AzureStorage\WfmTeams.Adapter.AzureStorage.csproj", "{F0694E89-87CD-493A-BA8D-1F2240389B4B}"
EndProject
Project("{9A19103F-16F7-4668-BE54-9A1E7A4F7556}") = "WfmTeams.Adapter.Functions", "WfmTeams.Adapter.Functions\WfmTeams.Adapter.Functions.csproj", "{223C86F8-A50D-467F-AC24-D4FE58761828}"
EndProject
Project("{151D2E53-A2C4-4D7D-83FE-D05416EBD58E}") = "WfmTeams.Adapter.Infrastructure", "WfmTeams.Adapter.Infrastructure\WfmTeams.Adapter.Infrastructure.deployproj", "{AC3325B9-FDEB-483C-AB93-A1E6E3C93632}"
EndProject
Project("{9A19103F-16F7-4668-BE54-9A1E7A4F7556}") = "WfmTeams.Adapter.MicrosoftGraph", "WfmTeams.Adapter.MicrosoftGraph\WfmTeams.Adapter.MicrosoftGraph.csproj", "{B62B4C3D-C25D-4C4C-85A2-8DF2B202862D}"
EndProject
Project("{9A19103F-16F7-4668-BE54-9A1E7A4F7556}") = "WfmTeams.Connector.MockWfmProvider", "WfmTeams.Connector.MockWfmProvider\WfmTeams.Connector.MockWfmProvider.csproj", "{7D451211-FFEC-4FD5-8827-342C44CB6E93}"
EndProject
Global
	GlobalSection(SolutionConfigurationPlatforms) = preSolution
		Debug|Any CPU = Debug|Any CPU
		Release|Any CPU = Release|Any CPU
		Trace|Any CPU = Trace|Any CPU
	EndGlobalSection
	GlobalSection(ProjectConfigurationPlatforms) = postSolution
		{846F3D14-46A5-4C63-A771-5C353717DBF8}.Debug|Any CPU.ActiveCfg = Debug|Any CPU
		{846F3D14-46A5-4C63-A771-5C353717DBF8}.Debug|Any CPU.Build.0 = Debug|Any CPU
		{846F3D14-46A5-4C63-A771-5C353717DBF8}.Release|Any CPU.ActiveCfg = Release|Any CPU
		{846F3D14-46A5-4C63-A771-5C353717DBF8}.Release|Any CPU.Build.0 = Release|Any CPU
		{846F3D14-46A5-4C63-A771-5C353717DBF8}.Trace|Any CPU.ActiveCfg = Trace|Any CPU
		{846F3D14-46A5-4C63-A771-5C353717DBF8}.Trace|Any CPU.Build.0 = Trace|Any CPU
		{F231EFC2-5338-47F8-A902-8B5A48E04983}.Debug|Any CPU.ActiveCfg = Debug|Any CPU
		{F231EFC2-5338-47F8-A902-8B5A48E04983}.Debug|Any CPU.Build.0 = Debug|Any CPU
		{F231EFC2-5338-47F8-A902-8B5A48E04983}.Release|Any CPU.ActiveCfg = Release|Any CPU
		{F231EFC2-5338-47F8-A902-8B5A48E04983}.Release|Any CPU.Build.0 = Release|Any CPU
		{F231EFC2-5338-47F8-A902-8B5A48E04983}.Trace|Any CPU.ActiveCfg = Trace|Any CPU
		{F231EFC2-5338-47F8-A902-8B5A48E04983}.Trace|Any CPU.Build.0 = Trace|Any CPU
		{359E8173-692D-40DD-B44E-68DAA7FF69F6}.Debug|Any CPU.ActiveCfg = Debug|Any CPU
		{359E8173-692D-40DD-B44E-68DAA7FF69F6}.Debug|Any CPU.Build.0 = Debug|Any CPU
		{359E8173-692D-40DD-B44E-68DAA7FF69F6}.Release|Any CPU.ActiveCfg = Release|Any CPU
		{359E8173-692D-40DD-B44E-68DAA7FF69F6}.Release|Any CPU.Build.0 = Release|Any CPU
		{359E8173-692D-40DD-B44E-68DAA7FF69F6}.Trace|Any CPU.ActiveCfg = Trace|Any CPU
		{359E8173-692D-40DD-B44E-68DAA7FF69F6}.Trace|Any CPU.Build.0 = Trace|Any CPU
		{F0694E89-87CD-493A-BA8D-1F2240389B4B}.Debug|Any CPU.ActiveCfg = Debug|Any CPU
		{F0694E89-87CD-493A-BA8D-1F2240389B4B}.Debug|Any CPU.Build.0 = Debug|Any CPU
		{F0694E89-87CD-493A-BA8D-1F2240389B4B}.Release|Any CPU.ActiveCfg = Release|Any CPU
		{F0694E89-87CD-493A-BA8D-1F2240389B4B}.Release|Any CPU.Build.0 = Release|Any CPU
		{F0694E89-87CD-493A-BA8D-1F2240389B4B}.Trace|Any CPU.ActiveCfg = Trace|Any CPU
		{F0694E89-87CD-493A-BA8D-1F2240389B4B}.Trace|Any CPU.Build.0 = Trace|Any CPU
		{223C86F8-A50D-467F-AC24-D4FE58761828}.Debug|Any CPU.ActiveCfg = Debug|Any CPU
		{223C86F8-A50D-467F-AC24-D4FE58761828}.Debug|Any CPU.Build.0 = Debug|Any CPU
		{223C86F8-A50D-467F-AC24-D4FE58761828}.Release|Any CPU.ActiveCfg = Release|Any CPU
		{223C86F8-A50D-467F-AC24-D4FE58761828}.Release|Any CPU.Build.0 = Release|Any CPU
		{223C86F8-A50D-467F-AC24-D4FE58761828}.Trace|Any CPU.ActiveCfg = Trace|Any CPU
		{223C86F8-A50D-467F-AC24-D4FE58761828}.Trace|Any CPU.Build.0 = Trace|Any CPU
		{AC3325B9-FDEB-483C-AB93-A1E6E3C93632}.Debug|Any CPU.ActiveCfg = Debug|Any CPU
		{AC3325B9-FDEB-483C-AB93-A1E6E3C93632}.Debug|Any CPU.Build.0 = Debug|Any CPU
		{AC3325B9-FDEB-483C-AB93-A1E6E3C93632}.Release|Any CPU.ActiveCfg = Release|Any CPU
		{AC3325B9-FDEB-483C-AB93-A1E6E3C93632}.Release|Any CPU.Build.0 = Release|Any CPU
		{AC3325B9-FDEB-483C-AB93-A1E6E3C93632}.Trace|Any CPU.ActiveCfg = Trace|Any CPU
		{AC3325B9-FDEB-483C-AB93-A1E6E3C93632}.Trace|Any CPU.Build.0 = Trace|Any CPU
		{B62B4C3D-C25D-4C4C-85A2-8DF2B202862D}.Debug|Any CPU.ActiveCfg = Debug|Any CPU
		{B62B4C3D-C25D-4C4C-85A2-8DF2B202862D}.Debug|Any CPU.Build.0 = Debug|Any CPU
		{B62B4C3D-C25D-4C4C-85A2-8DF2B202862D}.Release|Any CPU.ActiveCfg = Release|Any CPU
		{B62B4C3D-C25D-4C4C-85A2-8DF2B202862D}.Release|Any CPU.Build.0 = Release|Any CPU
		{B62B4C3D-C25D-4C4C-85A2-8DF2B202862D}.Trace|Any CPU.ActiveCfg = Trace|Any CPU
		{B62B4C3D-C25D-4C4C-85A2-8DF2B202862D}.Trace|Any CPU.Build.0 = Trace|Any CPU
		{7D451211-FFEC-4FD5-8827-342C44CB6E93}.Debug|Any CPU.ActiveCfg = Debug|Any CPU
		{7D451211-FFEC-4FD5-8827-342C44CB6E93}.Debug|Any CPU.Build.0 = Debug|Any CPU
		{7D451211-FFEC-4FD5-8827-342C44CB6E93}.Release|Any CPU.ActiveCfg = Release|Any CPU
		{7D451211-FFEC-4FD5-8827-342C44CB6E93}.Release|Any CPU.Build.0 = Release|Any CPU
		{7D451211-FFEC-4FD5-8827-342C44CB6E93}.Trace|Any CPU.ActiveCfg = Release|Any CPU
		{7D451211-FFEC-4FD5-8827-342C44CB6E93}.Trace|Any CPU.Build.0 = Release|Any CPU
	EndGlobalSection
	GlobalSection(SolutionProperties) = preSolution
		HideSolutionNode = FALSE
	EndGlobalSection
	GlobalSection(ExtensibilityGlobals) = postSolution
		SolutionGuid = {47E4F087-E647-4980-9CC4-361B331B345B}
	EndGlobalSection
EndGlobal
